// !$*UTF8*$!
{
	archiveVersion = 1;
	classes = {
	};
	objectVersion = 77;
	objects = {

/* Begin PBXContainerItemProxy section */
		2D91B36F2F4BAF87001C70F2 /* PBXContainerItemProxy */ = {
			isa = PBXContainerItemProxy;
			containerPortal = 2D91B3542F4BAF85001C70F2 /* Project object */;
			proxyType = 1;
			remoteGlobalIDString = 2D91B35B2F4BAF85001C70F2;
			remoteInfo = one;
		};
		2D91B3792F4BAF87001C70F2 /* PBXContainerItemProxy */ = {
			isa = PBXContainerItemProxy;
			containerPortal = 2D91B3542F4BAF85001C70F2 /* Project object */;
			proxyType = 1;
			remoteGlobalIDString = 2D91B35B2F4BAF85001C70F2;
			remoteInfo = one;
		};
/* End PBXContainerItemProxy section */

/* Begin PBXFileReference section */
		2D91B35C2F4BAF85001C70F2 /* OneDailyBatuhan.app */ = {isa = PBXFileReference; explicitFileType = wrapper.application; includeInIndex = 0; path = OneDailyBatuhan.app; sourceTree = BUILT_PRODUCTS_DIR; };
		2D91B36E2F4BAF87001C70F2 /* oneTests.xctest */ = {isa = PBXFileReference; explicitFileType = wrapper.cfbundle; includeInIndex = 0; path = oneTests.xctest; sourceTree = BUILT_PRODUCTS_DIR; };
		2D91B3782F4BAF87001C70F2 /* oneUITests.xctest */ = {isa = PBXFileReference; explicitFileType = wrapper.cfbundle; includeInIndex = 0; path = oneUITests.xctest; sourceTree = BUILT_PRODUCTS_DIR; };
/* End PBXFileReference section */

/* Begin PBXFileSystemSynchronizedBuildFileExceptionSet section */
		2D1B03292F4BBD890095F138 /* Exceptions for "one" folder in "one" target */ = {
			isa = PBXFileSystemSynchronizedBuildFileExceptionSet;
			membershipExceptions = (
				Info.plist,
			);
			target = 2D91B35B2F4BAF85001C70F2 /* one */;
		};
/* End PBXFileSystemSynchronizedBuildFileExceptionSet section */

/* Begin PBXFileSystemSynchronizedRootGroup section */
		2D91B35E2F4BAF85001C70F2 /* one */ = {
			isa = PBXFileSystemSynchronizedRootGroup;
			exceptions = (
				2D1B03292F4BBD890095F138 /* Exceptions for "one" folder in "one" target */,
			);
			path = one;
			sourceTree = "<group>";
		};
		2D91B3712F4BAF87001C70F2 /* oneTests */ = {
			isa = PBXFileSystemSynchronizedRootGroup;
			path = oneTests;
			sourceTree = "<group>";
		};
		2D91B37B2F4BAF87001C70F2 /* oneUITests */ = {
			isa = PBXFileSystemSynchronizedRootGroup;
			path = oneUITests;
			sourceTree = "<group>";
		};
/* End PBXFileSystemSynchronizedRootGroup section */

/* Begin PBXFrameworksBuildPhase section */
		2D91B3592F4BAF85001C70F2 /* Frameworks */ = {
			isa = PBXFrameworksBuildPhase;
			buildActionMask = 2147483647;
			files = (
			);
			runOnlyForDeploymentPostprocessing = 0;
		};
		2D91B36B2F4BAF87001C70F2 /* Frameworks */ = {
			isa = PBXFrameworksBuildPhase;
			buildActionMask = 2147483647;
			files = (
			);
			runOnlyForDeploymentPostprocessing = 0;
		};
		2D91B3752F4BAF87001C70F2 /* Frameworks */ = {
			isa = PBXFrameworksBuildPhase;
			buildActionMask = 2147483647;
			files = (
			);
			runOnlyForDeploymentPostprocessing = 0;
		};
/* End PBXFrameworksBuildPhase section */

/* Begin PBXGroup section */
		2D91B3532F4BAF85001C70F2 = {
			isa = PBXGroup;
			children = (
				2D91B35E2F4BAF85001C70F2 /* one */,
				2D91B3712F4BAF87001C70F2 /* oneTests */,
				2D91B37B2F4BAF87001C70F2 /* oneUITests */,
				2D91B35D2F4BAF85001C70F2 /* Products */,
			);
			sourceTree = "<group>";
		};
		2D91B35D2F4BAF85001C70F2 /* Products */ = {
			isa = PBXGroup;
			children = (
				2D91B35C2F4BAF85001C70F2 /* OneDailyBatuhan.app */,
				2D91B36E2F4BAF87001C70F2 /* oneTests.xctest */,
				2D91B3782F4BAF87001C70F2 /* oneUITests.xctest */,
			);
			name = Products;
			sourceTree = "<group>";
		};
/* End PBXGroup section */

/* Begin PBXNativeTarget section */
		2D91B35B2F4BAF85001C70F2 /* one */ = {
			isa = PBXNativeTarget;
			buildConfigurationList = 2D91B3822F4BAF87001C70F2 /* Build configuration list for PBXNativeTarget "one" */;
			buildPhases = (
				2D91B3582F4BAF85001C70F2 /* Sources */,
				2D91B3592F4BAF85001C70F2 /* Frameworks */,
				2D91B35A2F4BAF85001C70F2 /* Resources */,
			);
			buildRules = (
			);
			dependencies = (
			);
			fileSystemSynchronizedGroups = (
				2D91B35E2F4BAF85001C70F2 /* one */,
			);
			name = one;
			productName = one;
			productReference = 2D91B35C2F4BAF85001C70F2 /* OneDailyBatuhan.app */;
			productType = "com.apple.product-type.application";
		};
		2D91B36D2F4BAF87001C70F2 /* oneTests */ = {
			isa = PBXNativeTarget;
			buildConfigurationList = 2D91B3852F4BAF87001C70F2 /* Build configuration list for PBXNativeTarget "oneTests" */;
			buildPhases = (
				2D91B36A2F4BAF87001C70F2 /* Sources */,
				2D91B36B2F4BAF87001C70F2 /* Frameworks */,
				2D91B36C2F4BAF87001C70F2 /* Resources */,
			);
			buildRules = (
			);
			dependencies = (
				2D91B3702F4BAF87001C70F2 /* PBXTargetDependency */,
			);
			fileSystemSynchronizedGroups = (
				2D91B3712F4BAF87001C70F2 /* oneTests */,
			);
			name = oneTests;
			productName = oneTests;
			productReference = 2D91B36E2F4BAF87001C70F2 /* oneTests.xctest */;
			productType = "com.apple.product-type.bundle.unit-test";
		};
		2D91B3772F4BAF87001C70F2 /* oneUITests */ = {
			isa = PBXNativeTarget;
			buildConfigurationList = 2D91B3882F4BAF87001C70F2 /* Build configuration list for PBXNativeTarget "oneUITests" */;
			buildPhases = (
				2D91B3742F4BAF87001C70F2 /* Sources */,
				2D91B3752F4BAF87001C70F2 /* Frameworks */,
				2D91B3762F4BAF87001C70F2 /* Resources */,
			);
			buildRules = (
			);
			dependencies = (
				2D91B37A2F4BAF87001C70F2 /* PBXTargetDependency */,
			);
			fileSystemSynchronizedGroups = (
				2D91B37B2F4BAF87001C70F2 /* oneUITests */,
			);
			name = oneUITests;
			productName = oneUITests;
			productReference = 2D91B3782F4BAF87001C70F2 /* oneUITests.xctest */;
			productType = "com.apple.product-type.bundle.ui-testing";
		};
/* End PBXNativeTarget section */

/* Begin PBXProject section */
		2D91B3542F4BAF85001C70F2 /* Project object */ = {
			isa = PBXProject;
			attributes = {
				BuildIndependentTargetsInParallel = 1;
				LastSwiftUpdateCheck = 2620;
				LastUpgradeCheck = 2620;
				TargetAttributes = {
					2D91B35B2F4BAF85001C70F2 = {
						CreatedOnToolsVersion = 26.2;
					};
					2D91B36D2F4BAF87001C70F2 = {
						CreatedOnToolsVersion = 26.2;
						TestTargetID = 2D91B35B2F4BAF85001C70F2;
					};
					2D91B3772F4BAF87001C70F2 = {
						CreatedOnToolsVersion = 26.2;
						TestTargetID = 2D91B35B2F4BAF85001C70F2;
					};
				};
			};
			buildConfigurationList = 2D91B3572F4BAF85001C70F2 /* Build configuration list for PBXProject "ones" */;
			developmentRegion = en;
			hasScannedForEncodings = 0;
			knownRegions = (
				en,
				Base,
				tr,
			);
			mainGroup = 2D91B3532F4BAF85001C70F2;
			minimizedProjectReferenceProxies = 1;
			preferredProjectObjectVersion = 77;
			productRefGroup = 2D91B35D2F4BAF85001C70F2 /* Products */;
			projectDirPath = "";
			projectRoot = "";
			targets = (
				2D91B35B2F4BAF85001C70F2 /* one */,
				2D91B36D2F4BAF87001C70F2 /* oneTests */,
				2D91B3772F4BAF87001C70F2 /* oneUITests */,
			);
		};
/* End PBXProject section */

/* Begin PBXResourcesBuildPhase section */
		2D91B35A2F4BAF85001C70F2 /* Resources */ = {
			isa = PBXResourcesBuildPhase;
			buildActionMask = 2147483647;
			files = (
			);
			runOnlyForDeploymentPostprocessing = 0;
		};
		2D91B36C2F4BAF87001C70F2 /* Resources */ = {
			isa = PBXResourcesBuildPhase;
			buildActionMask = 2147483647;
			files = (
			);
			runOnlyForDeploymentPostprocessing = 0;
		};
		2D91B3762F4BAF87001C70F2 /* Resources */ = {
			isa = PBXResourcesBuildPhase;
			buildActionMask = 2147483647;
			files = (
			);
			runOnlyForDeploymentPostprocessing = 0;
		};
/* End PBXResourcesBuildPhase section */

/* Begin PBXSourcesBuildPhase section */
		2D91B3582F4BAF85001C70F2 /* Sources */ = {
			isa = PBXSourcesBuildPhase;
			buildActionMask = 2147483647;
			files = (
			);
			runOnlyForDeploymentPostprocessing = 0;
		};
		2D91B36A2F4BAF87001C70F2 /* Sources */ = {
			isa = PBXSourcesBuildPhase;
			buildActionMask = 2147483647;
			files = (
			);
			runOnlyForDeploymentPostprocessing = 0;
		};
		2D91B3742F4BAF87001C70F2 /* Sources */ = {
			isa = PBXSourcesBuildPhase;
			buildActionMask = 2147483647;
			files = (
			);
			runOnlyForDeploymentPostprocessing = 0;
		};
/* End PBXSourcesBuildPhase section */

/* Begin PBXTargetDependency section */
		2D91B3702F4BAF87001C70F2 /* PBXTargetDependency */ = {
			isa = PBXTargetDependency;
			target = 2D91B35B2F4BAF85001C70F2 /* one */;
			targetProxy = 2D91B36F2F4BAF87001C70F2 /* PBXContainerItemProxy */;
		};
		2D91B37A2F4BAF87001C70F2 /* PBXTargetDependency */ = {
			isa = PBXTargetDependency;
			target = 2D91B35B2F4BAF85001C70F2 /* one */;
			targetProxy = 2D91B3792F4BAF87001C70F2 /* PBXContainerItemProxy */;
		};
/* End PBXTargetDependency section */

/* Begin XCBuildConfiguration section */
		2D91B3802F4BAF87001C70F2 /* Debug */ = {
			isa = XCBuildConfiguration;
			buildSettings = {
				ALWAYS_SEARCH_USER_PATHS = NO;
				ASSETCATALOG_COMPILER_GENERATE_SWIFT_ASSET_SYMBOL_EXTENSIONS = YES;
				CLANG_ANALYZER_LOCALIZABILITY_NONLOCALIZED = YES;
				CLANG_ANALYZER_NONNULL = YES;
				CLANG_ANALYZER_NUMBER_OBJECT_CONVERSION = YES_AGGRESSIVE;
				CLANG_CXX_LANGUAGE_STANDARD = "gnu++20";
				CLANG_ENABLE_MODULES = YES;
				CLANG_ENABLE_OBJC_ARC = YES;
				CLANG_ENABLE_OBJC_WEAK = YES;
				CLANG_WARN_BLOCK_CAPTURE_AUTORELEASING = YES;
				CLANG_WARN_BOOL_CONVERSION = YES;
				CLANG_WARN_COMMA = YES;
				CLANG_WARN_CONSTANT_CONVERSION = YES;
				CLANG_WARN_DEPRECATED_OBJC_IMPLEMENTATIONS = YES;
				CLANG_WARN_DIRECT_OBJC_ISA_USAGE = YES_ERROR;
				CLANG_WARN_DOCUMENTATION_COMMENTS = YES;
				CLANG_WARN_EMPTY_BODY = YES;
				CLANG_WARN_ENUM_CONVERSION = YES;
				CLANG_WARN_INFINITE_RECURSION = YES;
				CLANG_WARN_INT_CONVERSION = YES;
				CLANG_WARN_NON_LITERAL_NULL_CONVERSION = YES;
				CLANG_WARN_OBJC_IMPLICIT_RETAIN_SELF = YES;
				CLANG_WARN_OBJC_LITERAL_CONVERSION = YES;
				CLANG_WARN_OBJC_ROOT_CLASS = YES_ERROR;
				CLANG_WARN_QUOTED_INCLUDE_IN_FRAMEWORK_HEADER = YES;
				CLANG_WARN_RANGE_LOOP_ANALYSIS = YES;
				CLANG_WARN_STRICT_PROTOTYPES = YES;
				CLANG_WARN_SUSPICIOUS_MOVE = YES;
				CLANG_WARN_UNGUARDED_AVAILABILITY = YES_AGGRESSIVE;
				CLANG_WARN_UNREACHABLE_CODE = YES;
				CLANG_WARN__DUPLICATE_METHOD_MATCH = YES;
				COPY_PHASE_STRIP = NO;
				DEBUG_INFORMATION_FORMAT = dwarf;
				DEVELOPMENT_TEAM = T4L7QU56YY;
				ENABLE_STRICT_OBJC_MSGSEND = YES;
				ENABLE_TESTABILITY = YES;
				ENABLE_USER_SCRIPT_SANDBOXING = YES;
				GCC_C_LANGUAGE_STANDARD = gnu17;
				GCC_DYNAMIC_NO_PIC = NO;
				GCC_NO_COMMON_BLOCKS = YES;
				GCC_OPTIMIZATION_LEVEL = 0;
				GCC_PREPROCESSOR_DEFINITIONS = (
					"DEBUG=1",
					"$(inherited)",
				);
				GCC_WARN_64_TO_32_BIT_CONVERSION = YES;
				GCC_WARN_ABOUT_RETURN_TYPE = YES_ERROR;
				GCC_WARN_UNDECLARED_SELECTOR = YES;
				GCC_WARN_UNINITIALIZED_AUTOS = YES_AGGRESSIVE;
				GCC_WARN_UNUSED_FUNCTION = YES;
				GCC_WARN_UNUSED_VARIABLE = YES;
				IPHONEOS_DEPLOYMENT_TARGET = 17.0;
				LOCALIZATION_PREFERS_STRING_CATALOGS = YES;
				MTL_ENABLE_DEBUG_INFO = INCLUDE_SOURCE;
				MTL_FAST_MATH = YES;
				ONLY_ACTIVE_ARCH = YES;
				SDKROOT = iphoneos;
				STRING_CATALOG_GENERATE_SYMBOLS = YES;
				SWIFT_ACTIVE_COMPILATION_CONDITIONS = "DEBUG $(inherited)";
				SWIFT_OPTIMIZATION_LEVEL = "-Onone";
			};
			name = Debug;
		};
		2D91B3812F4BAF87001C70F2 /* Release */ = {
			isa = XCBuildConfiguration;
			buildSettings = {
				ALWAYS_SEARCH_USER_PATHS = NO;
				ASSETCATALOG_COMPILER_GENERATE_SWIFT_ASSET_SYMBOL_EXTENSIONS = YES;
				CLANG_ANALYZER_LOCALIZABILITY_NONLOCALIZED = YES;
				CLANG_ANALYZER_NONNULL = YES;
				CLANG_ANALYZER_NUMBER_OBJECT_CONVERSION = YES_AGGRESSIVE;
				CLANG_CXX_LANGUAGE_STANDARD = "gnu++20";
				CLANG_ENABLE_MODULES = YES;
				CLANG_ENABLE_OBJC_ARC = YES;
				CLANG_ENABLE_OBJC_WEAK = YES;
				CLANG_WARN_BLOCK_CAPTURE_AUTORELEASING = YES;
				CLANG_WARN_BOOL_CONVERSION = YES;
				CLANG_WARN_COMMA = YES;
				CLANG_WARN_CONSTANT_CONVERSION = YES;
				CLANG_WARN_DEPRECATED_OBJC_IMPLEMENTATIONS = YES;
				CLANG_WARN_DIRECT_OBJC_ISA_USAGE = YES_ERROR;
				CLANG_WARN_DOCUMENTATION_COMMENTS = YES;
				CLANG_WARN_EMPTY_BODY = YES;
				CLANG_WARN_ENUM_CONVERSION = YES;
				CLANG_WARN_INFINITE_RECURSION = YES;
				CLANG_WARN_INT_CONVERSION = YES;
				CLANG_WARN_NON_LITERAL_NULL_CONVERSION = YES;
				CLANG_WARN_OBJC_IMPLICIT_RETAIN_SELF = YES;
				CLANG_WARN_OBJC_LITERAL_CONVERSION = YES;
				CLANG_WARN_OBJC_ROOT_CLASS = YES_ERROR;
				CLANG_WARN_QUOTED_INCLUDE_IN_FRAMEWORK_HEADER = YES;
				CLANG_WARN_RANGE_LOOP_ANALYSIS = YES;
				CLANG_WARN_STRICT_PROTOTYPES = YES;
				CLANG_WARN_SUSPICIOUS_MOVE = YES;
				CLANG_WARN_UNGUARDED_AVAILABILITY = YES_AGGRESSIVE;
				CLANG_WARN_UNREACHABLE_CODE = YES;
				CLANG_WARN__DUPLICATE_METHOD_MATCH = YES;
				COPY_PHASE_STRIP = NO;
				DEBUG_INFORMATION_FORMAT = "dwarf-with-dsym";
				DEVELOPMENT_TEAM = T4L7QU56YY;
				ENABLE_NS_ASSERTIONS = NO;
				ENABLE_STRICT_OBJC_MSGSEND = YES;
				ENABLE_USER_SCRIPT_SANDBOXING = YES;
				GCC_C_LANGUAGE_STANDARD = gnu17;
				GCC_NO_COMMON_BLOCKS = YES;
				GCC_WARN_64_TO_32_BIT_CONVERSION = YES;
				GCC_WARN_ABOUT_RETURN_TYPE = YES_ERROR;
				GCC_WARN_UNDECLARED_SELECTOR = YES;
				GCC_WARN_UNINITIALIZED_AUTOS = YES_AGGRESSIVE;
				GCC_WARN_UNUSED_FUNCTION = YES;
				GCC_WARN_UNUSED_VARIABLE = YES;
				IPHONEOS_DEPLOYMENT_TARGET = 17.0;
				LOCALIZATION_PREFERS_STRING_CATALOGS = YES;
				MTL_ENABLE_DEBUG_INFO = NO;
				MTL_FAST_MATH = YES;
				SDKROOT = iphoneos;
				STRING_CATALOG_GENERATE_SYMBOLS = YES;
				SWIFT_COMPILATION_MODE = wholemodule;
				VALIDATE_PRODUCT = YES;
			};
			name = Release;
		};
		2D91B3832F4BAF87001C70F2 /* Debug */ = {
			isa = XCBuildConfiguration;
			buildSettings = {
				ASSETCATALOG_COMPILER_APPICON_NAME = AppIcon;
				ASSETCATALOG_COMPILER_GLOBAL_ACCENT_COLOR_NAME = AccentColor;
				CODE_SIGN_ENTITLEMENTS = one/one.entitlements;
				CODE_SIGN_IDENTITY = "Apple Development";
				CODE_SIGN_STYLE = Automatic;
				CURRENT_PROJECT_VERSION = 35;
				DEVELOPMENT_TEAM = T4L7QU56YY;
				ENABLE_PREVIEWS = YES;
				GENERATE_INFOPLIST_FILE = YES;
				INFOPLIST_FILE = one/Info.plist;
				INFOPLIST_KEY_CFBundleDisplayName = One;
				INFOPLIST_KEY_LSApplicationCategoryType = "public.app-category.lifestyle";
				INFOPLIST_KEY_NSAppleMusicUsageDescription = "Bu uygulamanın müzik kütüphanenize erişebilmesi için izni gereklidir.";
				INFOPLIST_KEY_NSCalendarsUsageDescription = "Günlük şarkı seçimlerinizi takviminize kaydetmek için izin gereklidir.";
				INFOPLIST_KEY_NSCameraUsageDescription = "Günlük anlarını fotoğraflamak ve QR kod taramak için kamera erişimi gereklidir.";
				INFOPLIST_KEY_NSPhotoLibraryAddUsageDescription = "ONE, story kartlarınızı Fotoğraflar'a kaydetmek için erişim gerektirir.";
				INFOPLIST_KEY_NSPhotoLibraryUsageDescription = "ONE, fotoğraflarınıza erişerek story kartları oluşturabilir.";
				INFOPLIST_KEY_UIApplicationSceneManifest_Generation = YES;
				INFOPLIST_KEY_UIApplicationSupportsIndirectInputEvents = YES;
				INFOPLIST_KEY_UILaunchScreen_Generation = YES;
				INFOPLIST_KEY_UISupportedInterfaceOrientations_iPad = "UIInterfaceOrientationPortrait UIInterfaceOrientationPortraitUpsideDown UIInterfaceOrientationLandscapeLeft UIInterfaceOrientationLandscapeRight";
				INFOPLIST_KEY_UISupportedInterfaceOrientations_iPhone = UIInterfaceOrientationPortrait;
				IPHONEOS_DEPLOYMENT_TARGET = 18.6;
				LD_RUNPATH_SEARCH_PATHS = (
					"$(inherited)",
					"@executable_path/Frameworks",
				);
				MARKETING_VERSION = 1;
				PRODUCT_BUNDLE_IDENTIFIER = com.batu.ones;
				PRODUCT_NAME = OneDailyBatuhan;
				PROVISIONING_PROFILE_SPECIFIER = "";
				STRING_CATALOG_GENERATE_SYMBOLS = YES;
				SWIFT_APPROACHABLE_CONCURRENCY = YES;
				SWIFT_DEFAULT_ACTOR_ISOLATION = MainActor;
				SWIFT_EMIT_LOC_STRINGS = YES;
				SWIFT_UPCOMING_FEATURE_MEMBER_IMPORT_VISIBILITY = YES;
				SWIFT_VERSION = 5.0;
				TARGETED_DEVICE_FAMILY = "1,2";
			};
			name = Debug;
		};
		2D91B3842F4BAF87001C70F2 /* Release */ = {
			isa = XCBuildConfiguration;
			buildSettings = {
				ASSETCATALOG_COMPILER_APPICON_NAME = AppIcon;
				ASSETCATALOG_COMPILER_GLOBAL_ACCENT_COLOR_NAME = AccentColor;
				CODE_SIGN_ENTITLEMENTS = one/one.entitlements;
				CODE_SIGN_IDENTITY = "Apple Development";
				CODE_SIGN_STYLE = Automatic;
				CURRENT_PROJECT_VERSION = 35;
				DEVELOPMENT_TEAM = T4L7QU56YY;
				ENABLE_PREVIEWS = YES;
				GENERATE_INFOPLIST_FILE = YES;
				INFOPLIST_FILE = one/Info.plist;
				INFOPLIST_KEY_CFBundleDisplayName = One;
				INFOPLIST_KEY_LSApplicationCategoryType = "public.app-category.lifestyle";
				INFOPLIST_KEY_NSAppleMusicUsageDescription = "Bu uygulamanın müzik kütüphanenize erişebilmesi için izni gereklidir.";
				INFOPLIST_KEY_NSCalendarsUsageDescription = "Günlük şarkı seçimlerinizi takviminize kaydetmek için izin gereklidir.";
				INFOPLIST_KEY_NSCameraUsageDescription = "Günlük anlarını fotoğraflamak ve QR kod taramak için kamera erişimi gereklidir.";
				INFOPLIST_KEY_NSPhotoLibraryAddUsageDescription = "ONE, story kartlarınızı Fotoğraflar'a kaydetmek için erişim gerektirir.";
				INFOPLIST_KEY_NSPhotoLibraryUsageDescription = "ONE, fotoğraflarınıza erişerek story kartları oluşturabilir.";
				INFOPLIST_KEY_UIApplicationSceneManifest_Generation = YES;
				INFOPLIST_KEY_UIApplicationSupportsIndirectInputEvents = YES;
				INFOPLIST_KEY_UILaunchScreen_Generation = YES;
				INFOPLIST_KEY_UISupportedInterfaceOrientations_iPad = "UIInterfaceOrientationPortrait UIInterfaceOrientationPortraitUpsideDown UIInterfaceOrientationLandscapeLeft UIInterfaceOrientationLandscapeRight";
				INFOPLIST_KEY_UISupportedInterfaceOrientations_iPhone = UIInterfaceOrientationPortrait;
				IPHONEOS_DEPLOYMENT_TARGET = 18.6;
				LD_RUNPATH_SEARCH_PATHS = (
					"$(inherited)",
					"@executable_path/Frameworks",
				);
				MARKETING_VERSION = 1;
				PRODUCT_BUNDLE_IDENTIFIER = com.batu.ones;
				PRODUCT_NAME = OneDailyBatuhan;
				PROVISIONING_PROFILE_SPECIFIER = "";
				STRING_CATALOG_GENERATE_SYMBOLS = YES;
				SWIFT_APPROACHABLE_CONCURRENCY = YES;
				SWIFT_DEFAULT_ACTOR_ISOLATION = MainActor;
				SWIFT_EMIT_LOC_STRINGS = YES;
				SWIFT_UPCOMING_FEATURE_MEMBER_IMPORT_VISIBILITY = YES;
				SWIFT_VERSION = 5.0;
				TARGETED_DEVICE_FAMILY = "1,2";
			};
			name = Release;
		};
		2D91B3862F4BAF87001C70F2 /* Debug */ = {
			isa = XCBuildConfiguration;
			buildSettings = {
				BUNDLE_LOADER = "$(TEST_HOST)";
				CODE_SIGN_STYLE = Automatic;
				CURRENT_PROJECT_VERSION = 1;
				DEVELOPMENT_TEAM = T4L7QU56YY;
				GENERATE_INFOPLIST_FILE = YES;
				IPHONEOS_DEPLOYMENT_TARGET = 17.0;
				MARKETING_VERSION = 1.0;
				PRODUCT_BUNDLE_IDENTIFIER = com.batu..oneTests;
				PRODUCT_NAME = "$(TARGET_NAME)";
				STRING_CATALOG_GENERATE_SYMBOLS = NO;
				SWIFT_APPROACHABLE_CONCURRENCY = YES;
				SWIFT_EMIT_LOC_STRINGS = NO;
				SWIFT_UPCOMING_FEATURE_MEMBER_IMPORT_VISIBILITY = YES;
				SWIFT_VERSION = 5.0;
				TARGETED_DEVICE_FAMILY = "1,2";
				TEST_HOST = "$(BUILT_PRODUCTS_DIR)/One - Günük Mood.app/$(BUNDLE_EXECUTABLE_FOLDER_PATH)/One - Günük Mood";
			};
			name = Debug;
		};
		2D91B3872F4BAF87001C70F2 /* Release */ = {
			isa = XCBuildConfiguration;
			buildSettings = {
				BUNDLE_LOADER = "$(TEST_HOST)";
				CODE_SIGN_STYLE = Automatic;
				CURRENT_PROJECT_VERSION = 1;
				DEVELOPMENT_TEAM = T4L7QU56YY;
				GENERATE_INFOPLIST_FILE = YES;
				IPHONEOS_DEPLOYMENT_TARGET = 17.0;
				MARKETING_VERSION = 1.0;
				PRODUCT_BUNDLE_IDENTIFIER = com.batu..oneTests;
				PRODUCT_NAME = "$(TARGET_NAME)";
				STRING_CATALOG_GENERATE_SYMBOLS = NO;
				SWIFT_APPROACHABLE_CONCURRENCY = YES;
				SWIFT_EMIT_LOC_STRINGS = NO;
				SWIFT_UPCOMING_FEATURE_MEMBER_IMPORT_VISIBILITY = YES;
				SWIFT_VERSION = 5.0;
				TARGETED_DEVICE_FAMILY = "1,2";
				TEST_HOST = "$(BUILT_PRODUCTS_DIR)/One - Günük Mood.app/$(BUNDLE_EXECUTABLE_FOLDER_PATH)/One - Günük Mood";
			};
			name = Release;
		};
		2D91B3892F4BAF87001C70F2 /* Debug */ = {
			isa = XCBuildConfiguration;
			buildSettings = {
				CODE_SIGN_STYLE = Automatic;
				CURRENT_PROJECT_VERSION = 1;
				DEVELOPMENT_TEAM = T4L7QU56YY;
				GENERATE_INFOPLIST_FILE = YES;
				MARKETING_VERSION = 1.0;
				PRODUCT_BUNDLE_IDENTIFIER = com.batu..oneUITests;
				PRODUCT_NAME = "$(TARGET_NAME)";
				STRING_CATALOG_GENERATE_SYMBOLS = NO;
				SWIFT_APPROACHABLE_CONCURRENCY = YES;
				SWIFT_EMIT_LOC_STRINGS = NO;
				SWIFT_UPCOMING_FEATURE_MEMBER_IMPORT_VISIBILITY = YES;
				SWIFT_VERSION = 5.0;
				TARGETED_DEVICE_FAMILY = "1,2";
				TEST_TARGET_NAME = one;
			};
			name = Debug;
		};
		2D91B38A2F4BAF87001C70F2 /* Release */ = {
			isa = XCBuildConfiguration;
			buildSettings = {
				CODE_SIGN_STYLE = Automatic;
				CURRENT_PROJECT_VERSION = 1;
				DEVELOPMENT_TEAM = T4L7QU56YY;
				GENERATE_INFOPLIST_FILE = YES;
				MARKETING_VERSION = 1.0;
				PRODUCT_BUNDLE_IDENTIFIER = com.batu..oneUITests;
				PRODUCT_NAME = "$(TARGET_NAME)";
				STRING_CATALOG_GENERATE_SYMBOLS = NO;
				SWIFT_APPROACHABLE_CONCURRENCY = YES;
				SWIFT_EMIT_LOC_STRINGS = NO;
				SWIFT_UPCOMING_FEATURE_MEMBER_IMPORT_VISIBILITY = YES;
				SWIFT_VERSION = 5.0;
				TARGETED_DEVICE_FAMILY = "1,2";
				TEST_TARGET_NAME = one;
			};
			name = Release;
		};
/* End XCBuildConfiguration section */

/* Begin XCConfigurationList section */
		2D91B3572F4BAF85001C70F2 /* Build configuration list for PBXProject "ones" */ = {
			isa = XCConfigurationList;
			buildConfigurations = (
				2D91B3802F4BAF87001C70F2 /* Debug */,
				2D91B3812F4BAF87001C70F2 /* Release */,
			);
			defaultConfigurationIsVisible = 0;
			defaultConfigurationName = Release;
		};
		2D91B3822F4BAF87001C70F2 /* Build configuration list for PBXNativeTarget "one" */ = {
			isa = XCConfigurationList;
			buildConfigurations = (
				2D91B3832F4BAF87001C70F2 /* Debug */,
				2D91B3842F4BAF87001C70F2 /* Release */,
			);
			defaultConfigurationIsVisible = 0;
			defaultConfigurationName = Release;
		};
		2D91B3852F4BAF87001C70F2 /* Build configuration list for PBXNativeTarget "oneTests" */ = {
			isa = XCConfigurationList;
			buildConfigurations = (
				2D91B3862F4BAF87001C70F2 /* Debug */,
				2D91B3872F4BAF87001C70F2 /* Release */,
			);
			defaultConfigurationIsVisible = 0;
			defaultConfigurationName = Release;
		};
		2D91B3882F4BAF87001C70F2 /* Build configuration list for PBXNativeTarget "oneUITests" */ = {
			isa = XCConfigurationList;
			buildConfigurations = (
				2D91B3892F4BAF87001C70F2 /* Debug */,
				2D91B38A2F4BAF87001C70F2 /* Release */,
			);
			defaultConfigurationIsVisible = 0;
			defaultConfigurationName = Release;
		};
/* End XCConfigurationList section */
	};
	rootObject = 2D91B3542F4BAF85001C70F2 /* Project object */;
}
